
Microsoft Visual Studio Solution File, Format Version 12.00
# Visual Studio Version 17
VisualStudioVersion = 17.9.34622.214
MinimumVisualStudioVersion = 10.0.40219.1
Project("{FAE04EC0-301F-11D3-BF4B-00C04F79EFBC}") = "academia2024-api", "academia2024-api\academia2024-api.csproj", "{E55E6BE7-B62E-4726-A40A-F62130A000BE}"
EndProject
Global
	GlobalSection(SolutionConfigurationPlatforms) = preSolution
		Debug|Any CPU = Debug|Any CPU
		Release|Any CPU = Release|Any CPU
	EndGlobalSection
	GlobalSection(ProjectConfigurationPlatforms) = postSolution
		{E55E6BE7-B62E-4726-A40A-F62130A000BE}.Debug|Any CPU.ActiveCfg = Debug|Any CPU
		{E55E6BE7-B62E-4726-A40A-F62130A000BE}.Debug|Any CPU.Build.0 = Debug|Any CPU
		{E55E6BE7-B62E-4726-A40A-F62130A000BE}.Release|Any CPU.ActiveCfg = Release|Any CPU
		{E55E6BE7-B62E-4726-A40A-F62130A000BE}.Release|Any CPU.Build.0 = Release|Any CPU
	EndGlobalSection
	GlobalSection(SolutionProperties) = preSolution
		HideSolutionNode = FALSE
	EndGlobalSection
	GlobalSection(ExtensibilityGlobals) = postSolution
		SolutionGuid = {6C521B6A-E302-4378-9406-3EE1CF6658D0}
	EndGlobalSection
EndGlobal
